
Microsoft Visual Studio Solution File, Format Version 12.00
# Visual Studio Version 17
VisualStudioVersion = 17.6.33712.159
MinimumVisualStudioVersion = 10.0.40219.1
Project("{FAE04EC0-301F-11D3-BF4B-00C04F79EFBC}") = "WorkerService1", "WorkerService1.csproj", "{C012C881-165B-4947-9AC6-4658FD3040D3}"
EndProject
Project("{FAE04EC0-301F-11D3-BF4B-00C04F79EFBC}") = "WorkerService2", "..\WorkerService2\WorkerService2.csproj", "{7C5FBF94-CA20-4179-9C90-57C05F7B239A}"
EndProject
Global
	GlobalSection(SolutionConfigurationPlatforms) = preSolution
		Debug|Any CPU = Debug|Any CPU
		Release|Any CPU = Release|Any CPU
	EndGlobalSection
	GlobalSection(ProjectConfigurationPlatforms) = postSolution
		{C012C881-165B-4947-9AC6-4658FD3040D3}.Debug|Any CPU.ActiveCfg = Debug|Any CPU
		{C012C881-165B-4947-9AC6-4658FD3040D3}.Debug|Any CPU.Build.0 = Debug|Any CPU
		{C012C881-165B-4947-9AC6-4658FD3040D3}.Release|Any CPU.ActiveCfg = Release|Any CPU
		{C012C881-165B-4947-9AC6-4658FD3040D3}.Release|Any CPU.Build.0 = Release|Any CPU
		{7C5FBF94-CA20-4179-9C90-57C05F7B239A}.Debug|Any CPU.ActiveCfg = Debug|Any CPU
		{7C5FBF94-CA20-4179-9C90-57C05F7B239A}.Debug|Any CPU.Build.0 = Debug|Any CPU
		{7C5FBF94-CA20-4179-9C90-57C05F7B239A}.Release|Any CPU.ActiveCfg = Release|Any CPU
		{7C5FBF94-CA20-4179-9C90-57C05F7B239A}.Release|Any CPU.Build.0 = Release|Any CPU
	EndGlobalSection
	GlobalSection(SolutionProperties) = preSolution
		HideSolutionNode = FALSE
	EndGlobalSection
	GlobalSection(ExtensibilityGlobals) = postSolution
		SolutionGuid = {E2907582-6B77-43D5-8C05-98FE81937D39}
	EndGlobalSection
EndGlobal
